{
  "version": 4,
  "terraform_version": "1.12.2",
  "serial": 87,
  "lineage": "06d1e7ff-c133-7575-2ef0-dc25ae775bc8",
  "outputs": {
    "destination_host_ip": {
      "value": "172.30.202.24",
      "type": "string"
    },
    "export_path": {
      "value": "/vol-dst-perf-20250910-1",
      "type": "string"
    },
    "generated_volume_name": {
      "value": "vol-dst-perf-20250910-1",
      "type": "string"
    },
    "mount_ip_addresses": {
      "value": [
        "172.30.202.24"
      ],
      "type": [
        "list",
        "string"
      ]
    },
    "volume_id": {
      "value": "/subscriptions/1630c6a9-d99b-498a-aca8-a271f7506bc0/resourceGroups/MigrationAsAService-dev-infra/providers/Microsoft.NetApp/netAppAccounts/KB-NFS-PERF-AUTO/capacityPools/KB-NFS-PERF-AUTO-CP/volumes/vol-dst-perf-20250910-1",
      "type": "string"
    },
    "volume_name": {
      "value": "vol-dst-perf-20250910-1",
      "type": "string"
    },
    "volume_path": {
      "value": "vol-dst-perf-20250910-1",
      "type": "string"
    }
  },
  "resources": [
    {
      "mode": "data",
      "type": "azurerm_netapp_account",
      "name": "main",
      "provider": "provider[\"registry.terraform.io/hashicorp/azurerm\"]",
      "instances": [
        {
          "schema_version": 0,
          "attributes": {
            "id": "/subscriptions/1630c6a9-d99b-498a-aca8-a271f7506bc0/resourceGroups/MigrationAsAService-dev-infra/providers/Microsoft.NetApp/netAppAccounts/KB-NFS-PERF-AUTO",
            "identity": [],
            "location": "eastus2",
            "name": "KB-NFS-PERF-AUTO",
            "resource_group_name": "MigrationAsAService-dev-infra",
            "tags": {
              "creator": "kb93278"
            },
            "timeouts": null
          },
          "sensitive_attributes": [],
          "identity_schema_version": 0
        }
      ]
    },
    {
      "mode": "data",
      "type": "azurerm_netapp_pool",
      "name": "main",
      "provider": "provider[\"registry.terraform.io/hashicorp/azurerm\"]",
      "instances": [
        {
          "schema_version": 0,
          "attributes": {
            "account_name": "KB-NFS-PERF-AUTO",
            "encryption_type": "Single",
            "id": "/subscriptions/1630c6a9-d99b-498a-aca8-a271f7506bc0/resourceGroups/MigrationAsAService-dev-infra/providers/Microsoft.NetApp/netAppAccounts/KB-NFS-PERF-AUTO/capacityPools/KB-NFS-PERF-AUTO-CP",
            "location": "eastus2",
            "name": "KB-NFS-PERF-AUTO-CP",
            "resource_group_name": "MigrationAsAService-dev-infra",
            "service_level": "Premium",
            "size_in_tb": 4,
            "timeouts": null
          },
          "sensitive_attributes": [],
          "identity_schema_version": 0
        }
      ]
    },
    {
      "mode": "data",
      "type": "azurerm_resource_group",
      "name": "main",
      "provider": "provider[\"registry.terraform.io/hashicorp/azurerm\"]",
      "instances": [
        {
          "schema_version": 0,
          "attributes": {
            "id": "/subscriptions/1630c6a9-d99b-498a-aca8-a271f7506bc0/resourceGroups/MigrationAsAService-dev-infra",
            "location": "eastus2",
            "managed_by": "",
            "name": "MigrationAsAService-dev-infra",
            "tags": {
              " creator": "services-network",
              "creator": "vasudev"
            },
            "timeouts": null
          },
          "sensitive_attributes": [],
          "identity_schema_version": 0
        }
      ]
    },
    {
      "mode": "managed",
      "type": "azurerm_netapp_volume",
      "name": "main",
      "provider": "provider[\"registry.terraform.io/hashicorp/azurerm\"]",
      "instances": [
        {
          "schema_version": 0,
          "attributes": {
            "account_name": "KB-NFS-PERF-AUTO",
            "azure_vmware_data_store_enabled": false,
            "create_from_snapshot_resource_id": null,
            "data_protection_replication": [],
            "data_protection_snapshot_policy": [],
            "encryption_key_source": "Microsoft.NetApp",
            "export_policy_rule": [
              {
                "allowed_clients": [
                  "0.0.0.0/0"
                ],
                "kerberos_5_read_only_enabled": false,
                "kerberos_5_read_write_enabled": false,
                "kerberos_5i_read_only_enabled": false,
                "kerberos_5i_read_write_enabled": false,
                "kerberos_5p_read_only_enabled": false,
                "kerberos_5p_read_write_enabled": false,
                "protocols_enabled": [
                  "NFSv3"
                ],
                "root_access_enabled": true,
                "rule_index": 1,
                "unix_read_only": false,
                "unix_read_write": true
              }
            ],
            "id": "/subscriptions/1630c6a9-d99b-498a-aca8-a271f7506bc0/resourceGroups/MigrationAsAService-dev-infra/providers/Microsoft.NetApp/netAppAccounts/KB-NFS-PERF-AUTO/capacityPools/KB-NFS-PERF-AUTO-CP/volumes/vol-dst-perf-20250910-1",
            "kerberos_enabled": false,
            "key_vault_private_endpoint_id": "",
            "location": "eastus2",
            "mount_ip_addresses": [
              "172.30.202.24"
            ],
            "name": "vol-dst-perf-20250910-1",
            "network_features": "Basic",
            "pool_name": "KB-NFS-PERF-AUTO-CP",
            "protocols": [
              "NFSv3"
            ],
            "resource_group_name": "MigrationAsAService-dev-infra",
            "security_style": "unix",
            "service_level": "Premium",
            "smb_access_based_enumeration_enabled": false,
            "smb_continuous_availability_enabled": false,
            "smb_non_browsable_enabled": false,
            "snapshot_directory_visible": false,
            "storage_quota_in_gb": 1024,
            "subnet_id": "/subscriptions/1630c6a9-d99b-498a-aca8-a271f7506bc0/resourceGroups/MigrationAsAService-dev-infra/providers/Microsoft.Network/virtualNetworks/MigrationAsAService-dev-VNET01/subnets/MigrationAsAService-dev-Subnet02",
            "tags": {
              "CreatedBy": "Terraform",
              "DateCreated": "20250910",
              "Environment": "Performance-Test",
              "Sequence": "1",
              "Username": "perfuser",
              "VolumeSize": "1024GB"
            },
            "throughput_in_mibps": 0,
            "timeouts": null,
            "volume_path": "vol-dst-perf-20250910-1",
            "zone": ""
          },
          "sensitive_attributes": [],
          "identity_schema_version": 0,
          "private": "eyJlMmJmYjczMC1lY2FhLTExZTYtOGY4OC0zNDM2M2JjN2M0YzAiOnsiY3JlYXRlIjozNjAwMDAwMDAwMDAwLCJkZWxldGUiOjM2MDAwMDAwMDAwMDAsInJlYWQiOjMwMDAwMDAwMDAwMCwidXBkYXRlIjozNjAwMDAwMDAwMDAwfX0=",
          "dependencies": [
            "data.azurerm_netapp_account.main",
            "data.azurerm_netapp_pool.main",
            "data.azurerm_resource_group.main"
          ]
        }
      ]
    }
  ],
  "check_results": null
}
