{
  "version": 4,
  "terraform_version": "1.12.2",
  "serial": 77,
  "lineage": "65c7393c-7147-e306-505f-b264feaa8916",
  "outputs": {
    "control_plane_ip": {
      "value": "172.30.203.12",
      "type": "string"
    },
    "control_plane_vm_name": {
      "value": "kb-cp-azure-automated-perf-20250908-062743",
      "type": "string"
    },
    "worker_ip": {
      "value": "172.30.203.16",
      "type": "string"
    },
    "worker_vm_name": {
      "value": "kb-worker-azure-automated-perf-20250908-062743",
      "type": "string"
    }
  },
  "resources": [
    {
      "mode": "data",
      "type": "azurerm_resource_group",
      "name": "main",
      "provider": "provider[\"registry.terraform.io/hashicorp/azurerm\"]",
      "instances": [
        {
          "schema_version": 0,
          "attributes": {
            "id": "/subscriptions/1630c6a9-d99b-498a-aca8-a271f7506bc0/resourceGroups/MigrationAsAService-dev-infra",
            "location": "eastus2",
            "managed_by": "",
            "name": "MigrationAsAService-dev-infra",
            "tags": {
              " creator": "services-network",
              "creator": "vasudev"
            },
            "timeouts": null
          },
          "sensitive_attributes": [],
          "identity_schema_version": 0
        }
      ]
    },
    {
      "mode": "data",
      "type": "azurerm_shared_image_version",
      "name": "cp_specific",
      "provider": "provider[\"registry.terraform.io/hashicorp/azurerm\"]",
      "instances": [
        {
          "index_key": 0,
          "schema_version": 0,
          "attributes": {
            "exclude_from_latest": false,
            "gallery_name": "datamigrator",
            "id": "/subscriptions/1630c6a9-d99b-498a-aca8-a271f7506bc0/resourceGroups/datamigrate-acr-resource-group/providers/Microsoft.Compute/galleries/datamigrator/images/ndm-control-plane/versions/2025.07.09190330",
            "image_name": "ndm-control-plane",
            "location": "eastus",
            "managed_image_id": "/subscriptions/1630c6a9-d99b-498a-aca8-a271f7506bc0/resourceGroups/datamigrate-acr-resource-group/providers/Microsoft.Compute/images/datamigrator-control-plane-07-09-2025-19-03-30",
            "name": "2025.07.09190330",
            "os_disk_image_size_gb": 200,
            "os_disk_snapshot_id": "",
            "resource_group_name": "datamigrate-acr-resource-group",
            "sort_versions_by_semver": false,
            "tags": {
              "cloud": "azure",
              "createdby": "packer",
              "creator": "vasudev",
              "project": "datamigrator",
              "stackname": "datamigrator-control-plane-07-09-2025-19-03-30"
            },
            "target_region": [
              {
                "name": "eastus",
                "regional_replica_count": 1,
                "storage_account_type": "Standard_LRS"
              },
              {
                "name": "eastus2",
                "regional_replica_count": 1,
                "storage_account_type": "Standard_LRS"
              }
            ],
            "timeouts": null
          },
          "sensitive_attributes": [],
          "identity_schema_version": 0
        }
      ]
    },
    {
      "mode": "data",
      "type": "azurerm_shared_image_version",
      "name": "worker_specific",
      "provider": "provider[\"registry.terraform.io/hashicorp/azurerm\"]",
      "instances": [
        {
          "index_key": 0,
          "schema_version": 0,
          "attributes": {
            "exclude_from_latest": false,
            "gallery_name": "datamigrator",
            "id": "/subscriptions/1630c6a9-d99b-498a-aca8-a271f7506bc0/resourceGroups/datamigrate-acr-resource-group/providers/Microsoft.Compute/galleries/datamigrator/images/ndm-worker/versions/2025.07.09185854",
            "image_name": "ndm-worker",
            "location": "eastus",
            "managed_image_id": "/subscriptions/1630c6a9-d99b-498a-aca8-a271f7506bc0/resourceGroups/datamigrate-acr-resource-group/providers/Microsoft.Compute/images/datamigrator-worker-07-09-2025-18-58-54",
            "name": "2025.07.09185854",
            "os_disk_image_size_gb": 100,
            "os_disk_snapshot_id": "",
            "resource_group_name": "datamigrate-acr-resource-group",
            "sort_versions_by_semver": false,
            "tags": {
              "cloud": "azure",
              "createdby": "packer",
              "creator": "vasudev",
              "project": "datamigrator",
              "stackname": "datamigrator-worker-07-09-2025-18-58-54"
            },
            "target_region": [
              {
                "name": "eastus",
                "regional_replica_count": 1,
                "storage_account_type": "Standard_LRS"
              },
              {
                "name": "eastus2",
                "regional_replica_count": 1,
                "storage_account_type": "Standard_LRS"
              }
            ],
            "timeouts": null
          },
          "sensitive_attributes": [],
          "identity_schema_version": 0
        }
      ]
    },
    {
      "mode": "data",
      "type": "azurerm_subnet",
      "name": "main",
      "provider": "provider[\"registry.terraform.io/hashicorp/azurerm\"]",
      "instances": [
        {
          "schema_version": 0,
          "attributes": {
            "address_prefix": "",
            "address_prefixes": [
              "172.30.203.0/25"
            ],
            "default_outbound_access_enabled": true,
            "enforce_private_link_endpoint_network_policies": true,
            "enforce_private_link_service_network_policies": false,
            "id": "/subscriptions/1630c6a9-d99b-498a-aca8-a271f7506bc0/resourceGroups/MigrationAsAService-dev-infra/providers/Microsoft.Network/virtualNetworks/MigrationAsAService-dev-VNET02/subnets/MigrationAsAService-dev-VNET02_Subnet01",
            "name": "MigrationAsAService-dev-VNET02_Subnet01",
            "network_security_group_id": "/subscriptions/1630c6a9-d99b-498a-aca8-a271f7506bc0/resourceGroups/MigrationAsAService-dev-infra/providers/Microsoft.Network/networkSecurityGroups/MigrationAsAService-dev-NSG",
            "private_endpoint_network_policies": "Disabled",
            "private_endpoint_network_policies_enabled": false,
            "private_link_service_network_policies_enabled": true,
            "resource_group_name": "MigrationAsAService-dev-infra",
            "route_table_id": "",
            "service_endpoints": [],
            "timeouts": null,
            "virtual_network_name": "MigrationAsAService-dev-VNET02"
          },
          "sensitive_attributes": [],
          "identity_schema_version": 0
        }
      ]
    },
    {
      "mode": "data",
      "type": "azurerm_virtual_network",
      "name": "main",
      "provider": "provider[\"registry.terraform.io/hashicorp/azurerm\"]",
      "instances": [
        {
          "schema_version": 0,
          "attributes": {
            "address_space": [
              "172.30.203.0/25"
            ],
            "dns_servers": null,
            "guid": "3be64c70-e028-45dd-bb1e-8844a63a0a72",
            "id": "/subscriptions/1630c6a9-d99b-498a-aca8-a271f7506bc0/resourceGroups/MigrationAsAService-dev-infra/providers/Microsoft.Network/virtualNetworks/MigrationAsAService-dev-VNET02",
            "location": "eastus2",
            "name": "MigrationAsAService-dev-VNET02",
            "resource_group_name": "MigrationAsAService-dev-infra",
            "subnets": [
              "MigrationAsAService-dev-VNET02_Subnet01"
            ],
            "tags": {
              " creator": "services-network",
              "creator": "desaa"
            },
            "timeouts": null,
            "vnet_peerings": {
              "RemoteVnetToHubPeering_7ee4b2f3-2e7c-4898-b5ac-47b123d5aff0": "/subscriptions/d0bf649d-e1d5-43fa-bbc5-5fed0367649f/resourceGroups/RG_HCL_Openlab_EUS2_HUB_1_6b1f57af-5a76-401f-b78a-501d744b0dd6/providers/Microsoft.Network/virtualNetworks/HV_HCL_Openlab_EUS2_HUB_e30b5f3a-f2e2-4733-bf58-d54c3069545f"
            },
            "vnet_peerings_addresses": [
              "172.30.64.0/24"
            ]
          },
          "sensitive_attributes": [],
          "identity_schema_version": 0
        }
      ]
    },
    {
      "mode": "managed",
      "type": "azurerm_linux_virtual_machine",
      "name": "control_plane",
      "provider": "provider[\"registry.terraform.io/hashicorp/azurerm\"]",
      "instances": [
        {
          "schema_version": 0,
          "attributes": {
            "additional_capabilities": [],
            "admin_password": "Password@123",
            "admin_ssh_key": [],
            "admin_username": "ubuntu",
            "allow_extension_operations": true,
            "availability_set_id": "",
            "boot_diagnostics": [
              {
                "storage_account_uri": ""
              }
            ],
            "bypass_platform_safety_checks_on_user_schedule_enabled": false,
            "capacity_reservation_group_id": "",
            "computer_name": "kb-cp-azure-automated-perf-20250908-062743",
            "custom_data": null,
            "dedicated_host_group_id": "",
            "dedicated_host_id": "",
            "disable_password_authentication": false,
            "disk_controller_type": "SCSI",
            "edge_zone": "",
            "encryption_at_host_enabled": false,
            "eviction_policy": "",
            "extensions_time_budget": "PT1H30M",
            "gallery_application": [],
            "id": "/subscriptions/1630c6a9-d99b-498a-aca8-a271f7506bc0/resourceGroups/MigrationAsAService-dev-infra/providers/Microsoft.Compute/virtualMachines/kb-cp-azure-automated-perf-20250908-062743",
            "identity": [],
            "license_type": "",
            "location": "eastus2",
            "max_bid_price": -1,
            "name": "kb-cp-azure-automated-perf-20250908-062743",
            "network_interface_ids": [
              "/subscriptions/1630c6a9-d99b-498a-aca8-a271f7506bc0/resourceGroups/MigrationAsAService-dev-infra/providers/Microsoft.Network/networkInterfaces/kb-cp-azure-automated-perf-20250908-062743-nic"
            ],
            "os_disk": [
              {
                "caching": "ReadWrite",
                "diff_disk_settings": [],
                "disk_encryption_set_id": "",
                "disk_size_gb": 200,
                "name": "kb-cp-azure-automated-perf-20250908-06274OS__1_2d23faf5d8544c61a1e7526fef749e33",
                "secure_vm_disk_encryption_set_id": "",
                "security_encryption_type": "",
                "storage_account_type": "Premium_LRS",
                "write_accelerator_enabled": false
              }
            ],
            "os_image_notification": [],
            "patch_assessment_mode": "ImageDefault",
            "patch_mode": "ImageDefault",
            "plan": [],
            "platform_fault_domain": -1,
            "priority": "Regular",
            "private_ip_address": "172.30.203.12",
            "private_ip_addresses": [
              "172.30.203.12"
            ],
            "provision_vm_agent": true,
            "proximity_placement_group_id": "",
            "public_ip_address": "",
            "public_ip_addresses": [],
            "reboot_setting": "",
            "resource_group_name": "MigrationAsAService-dev-infra",
            "secret": [],
            "secure_boot_enabled": false,
            "size": "Standard_D8s_v3",
            "source_image_id": "/subscriptions/1630c6a9-d99b-498a-aca8-a271f7506bc0/resourceGroups/datamigrate-acr-resource-group/providers/Microsoft.Compute/galleries/datamigrator/images/ndm-control-plane/versions/2025.07.09190330",
            "source_image_reference": [],
            "tags": {
              "environment": "dev",
              "owner": "kb"
            },
            "termination_notification": null,
            "timeouts": null,
            "user_data": "",
            "virtual_machine_id": "c52766a7-0a12-4551-b97c-8310cb5ea1c8",
            "virtual_machine_scale_set_id": "",
            "vm_agent_platform_updates_enabled": false,
            "vtpm_enabled": false,
            "zone": "1"
          },
          "sensitive_attributes": [
            [
              {
                "type": "get_attr",
                "value": "admin_password"
              }
            ],
            [
              {
                "type": "get_attr",
                "value": "custom_data"
              }
            ]
          ],
          "identity_schema_version": 0,
          "private": "eyJlMmJmYjczMC1lY2FhLTExZTYtOGY4OC0zNDM2M2JjN2M0YzAiOnsiY3JlYXRlIjoyNzAwMDAwMDAwMDAwLCJkZWxldGUiOjI3MDAwMDAwMDAwMDAsInJlYWQiOjMwMDAwMDAwMDAwMCwidXBkYXRlIjoyNzAwMDAwMDAwMDAwfX0=",
          "dependencies": [
            "azurerm_network_interface.control_plane",
            "data.azurerm_resource_group.main",
            "data.azurerm_shared_image.cp_latest",
            "data.azurerm_shared_image_version.cp_specific",
            "data.azurerm_subnet.main"
          ]
        }
      ]
    },
    {
      "mode": "managed",
      "type": "azurerm_linux_virtual_machine",
      "name": "worker",
      "provider": "provider[\"registry.terraform.io/hashicorp/azurerm\"]",
      "instances": [
        {
          "schema_version": 0,
          "attributes": {
            "additional_capabilities": [],
            "admin_password": "Password@123",
            "admin_ssh_key": [],
            "admin_username": "ubuntu",
            "allow_extension_operations": true,
            "availability_set_id": "",
            "boot_diagnostics": [
              {
                "storage_account_uri": ""
              }
            ],
            "bypass_platform_safety_checks_on_user_schedule_enabled": false,
            "capacity_reservation_group_id": "",
            "computer_name": "kb-worker-azure-automated-perf-20250908-062743",
            "custom_data": null,
            "dedicated_host_group_id": "",
            "dedicated_host_id": "",
            "disable_password_authentication": false,
            "disk_controller_type": "SCSI",
            "edge_zone": "",
            "encryption_at_host_enabled": false,
            "eviction_policy": "",
            "extensions_time_budget": "PT1H30M",
            "gallery_application": [],
            "id": "/subscriptions/1630c6a9-d99b-498a-aca8-a271f7506bc0/resourceGroups/MigrationAsAService-dev-infra/providers/Microsoft.Compute/virtualMachines/kb-worker-azure-automated-perf-20250908-062743",
            "identity": [],
            "license_type": "",
            "location": "eastus2",
            "max_bid_price": -1,
            "name": "kb-worker-azure-automated-perf-20250908-062743",
            "network_interface_ids": [
              "/subscriptions/1630c6a9-d99b-498a-aca8-a271f7506bc0/resourceGroups/MigrationAsAService-dev-infra/providers/Microsoft.Network/networkInterfaces/kb-worker-azure-automated-perf-20250908-062743-nic"
            ],
            "os_disk": [
              {
                "caching": "ReadWrite",
                "diff_disk_settings": [],
                "disk_encryption_set_id": "",
                "disk_size_gb": 200,
                "name": "kb-worker-azure-automated-perf-20250908-0OS__1_1da518196fb74ec3b80f42468923463b",
                "secure_vm_disk_encryption_set_id": "",
                "security_encryption_type": "",
                "storage_account_type": "Premium_LRS",
                "write_accelerator_enabled": false
              }
            ],
            "os_image_notification": [],
            "patch_assessment_mode": "ImageDefault",
            "patch_mode": "ImageDefault",
            "plan": [],
            "platform_fault_domain": -1,
            "priority": "Regular",
            "private_ip_address": "172.30.203.16",
            "private_ip_addresses": [
              "172.30.203.16"
            ],
            "provision_vm_agent": true,
            "proximity_placement_group_id": "",
            "public_ip_address": "",
            "public_ip_addresses": [],
            "reboot_setting": "",
            "resource_group_name": "MigrationAsAService-dev-infra",
            "secret": [],
            "secure_boot_enabled": false,
            "size": "Standard_D4s_v3",
            "source_image_id": "/subscriptions/1630c6a9-d99b-498a-aca8-a271f7506bc0/resourceGroups/datamigrate-acr-resource-group/providers/Microsoft.Compute/galleries/datamigrator/images/ndm-worker/versions/2025.07.09185854",
            "source_image_reference": [],
            "tags": {
              "environment": "dev",
              "owner": "kb"
            },
            "termination_notification": null,
            "timeouts": null,
            "user_data": "",
            "virtual_machine_id": "14229188-b0dd-406f-ba44-72ada6cf41b6",
            "virtual_machine_scale_set_id": "",
            "vm_agent_platform_updates_enabled": false,
            "vtpm_enabled": false,
            "zone": "1"
          },
          "sensitive_attributes": [
            [
              {
                "type": "get_attr",
                "value": "admin_password"
              }
            ],
            [
              {
                "type": "get_attr",
                "value": "custom_data"
              }
            ]
          ],
          "identity_schema_version": 0,
          "private": "eyJlMmJmYjczMC1lY2FhLTExZTYtOGY4OC0zNDM2M2JjN2M0YzAiOnsiY3JlYXRlIjoyNzAwMDAwMDAwMDAwLCJkZWxldGUiOjI3MDAwMDAwMDAwMDAsInJlYWQiOjMwMDAwMDAwMDAwMCwidXBkYXRlIjoyNzAwMDAwMDAwMDAwfX0=",
          "dependencies": [
            "azurerm_network_interface.worker",
            "data.azurerm_resource_group.main",
            "data.azurerm_shared_image.worker_latest",
            "data.azurerm_shared_image_version.worker_specific",
            "data.azurerm_subnet.main"
          ]
        }
      ]
    },
    {
      "mode": "managed",
      "type": "azurerm_network_interface",
      "name": "control_plane",
      "provider": "provider[\"registry.terraform.io/hashicorp/azurerm\"]",
      "instances": [
        {
          "schema_version": 0,
          "attributes": {
            "accelerated_networking_enabled": false,
            "applied_dns_servers": [],
            "auxiliary_mode": "",
            "auxiliary_sku": "",
            "dns_servers": [],
            "edge_zone": "",
            "enable_accelerated_networking": false,
            "enable_ip_forwarding": false,
            "id": "/subscriptions/1630c6a9-d99b-498a-aca8-a271f7506bc0/resourceGroups/MigrationAsAService-dev-infra/providers/Microsoft.Network/networkInterfaces/kb-cp-azure-automated-perf-20250908-062743-nic",
            "internal_dns_name_label": "",
            "internal_domain_name_suffix": "obgomozi2douloy4rbckmoqkoc.cx.internal.cloudapp.net",
            "ip_configuration": [
              {
                "gateway_load_balancer_frontend_ip_configuration_id": "",
                "name": "internal",
                "primary": true,
                "private_ip_address": "172.30.203.12",
                "private_ip_address_allocation": "Dynamic",
                "private_ip_address_version": "IPv4",
                "public_ip_address_id": "",
                "subnet_id": "/subscriptions/1630c6a9-d99b-498a-aca8-a271f7506bc0/resourceGroups/MigrationAsAService-dev-infra/providers/Microsoft.Network/virtualNetworks/MigrationAsAService-dev-VNET02/subnets/MigrationAsAService-dev-VNET02_Subnet01"
              }
            ],
            "ip_forwarding_enabled": false,
            "location": "eastus2",
            "mac_address": "",
            "name": "kb-cp-azure-automated-perf-20250908-062743-nic",
            "private_ip_address": "172.30.203.12",
            "private_ip_addresses": [
              "172.30.203.12"
            ],
            "resource_group_name": "MigrationAsAService-dev-infra",
            "tags": {
              "environment": "dev",
              "owner": "kb"
            },
            "timeouts": null,
            "virtual_machine_id": ""
          },
          "sensitive_attributes": [],
          "identity_schema_version": 0,
          "private": "eyJlMmJmYjczMC1lY2FhLTExZTYtOGY4OC0zNDM2M2JjN2M0YzAiOnsiY3JlYXRlIjoxODAwMDAwMDAwMDAwLCJkZWxldGUiOjE4MDAwMDAwMDAwMDAsInJlYWQiOjMwMDAwMDAwMDAwMCwidXBkYXRlIjoxODAwMDAwMDAwMDAwfX0=",
          "dependencies": [
            "data.azurerm_resource_group.main",
            "data.azurerm_subnet.main"
          ]
        }
      ]
    },
    {
      "mode": "managed",
      "type": "azurerm_network_interface",
      "name": "worker",
      "provider": "provider[\"registry.terraform.io/hashicorp/azurerm\"]",
      "instances": [
        {
          "schema_version": 0,
          "attributes": {
            "accelerated_networking_enabled": false,
            "applied_dns_servers": [],
            "auxiliary_mode": "",
            "auxiliary_sku": "",
            "dns_servers": [],
            "edge_zone": "",
            "enable_accelerated_networking": false,
            "enable_ip_forwarding": false,
            "id": "/subscriptions/1630c6a9-d99b-498a-aca8-a271f7506bc0/resourceGroups/MigrationAsAService-dev-infra/providers/Microsoft.Network/networkInterfaces/kb-worker-azure-automated-perf-20250908-062743-nic",
            "internal_dns_name_label": "",
            "internal_domain_name_suffix": "obgomozi2douloy4rbckmoqkoc.cx.internal.cloudapp.net",
            "ip_configuration": [
              {
                "gateway_load_balancer_frontend_ip_configuration_id": "",
                "name": "internal",
                "primary": true,
                "private_ip_address": "172.30.203.16",
                "private_ip_address_allocation": "Dynamic",
                "private_ip_address_version": "IPv4",
                "public_ip_address_id": "",
                "subnet_id": "/subscriptions/1630c6a9-d99b-498a-aca8-a271f7506bc0/resourceGroups/MigrationAsAService-dev-infra/providers/Microsoft.Network/virtualNetworks/MigrationAsAService-dev-VNET02/subnets/MigrationAsAService-dev-VNET02_Subnet01"
              }
            ],
            "ip_forwarding_enabled": false,
            "location": "eastus2",
            "mac_address": "",
            "name": "kb-worker-azure-automated-perf-20250908-062743-nic",
            "private_ip_address": "172.30.203.16",
            "private_ip_addresses": [
              "172.30.203.16"
            ],
            "resource_group_name": "MigrationAsAService-dev-infra",
            "tags": {
              "environment": "dev",
              "owner": "kb"
            },
            "timeouts": null,
            "virtual_machine_id": ""
          },
          "sensitive_attributes": [],
          "identity_schema_version": 0,
          "private": "eyJlMmJmYjczMC1lY2FhLTExZTYtOGY4OC0zNDM2M2JjN2M0YzAiOnsiY3JlYXRlIjoxODAwMDAwMDAwMDAwLCJkZWxldGUiOjE4MDAwMDAwMDAwMDAsInJlYWQiOjMwMDAwMDAwMDAwMCwidXBkYXRlIjoxODAwMDAwMDAwMDAwfX0=",
          "dependencies": [
            "data.azurerm_resource_group.main",
            "data.azurerm_subnet.main"
          ]
        }
      ]
    }
  ],
  "check_results": null
}
